
Microsoft Visual Studio Solution File, Format Version 12.00
# Visual Studio Version 16
VisualStudioVersion = 16.0.31005.135
MinimumVisualStudioVersion = 10.0.40219.1
Project("{FAE04EC0-301F-11D3-BF4B-00C04F79EFBC}") = "Vending_Machine.UI", "Vending_Machine.UI.csproj", "{9B35D727-DC27-4745-BDA4-C28F2CE5D480}"
EndProject
Project("{FAE04EC0-301F-11D3-BF4B-00C04F79EFBC}") = "Vending_Machine.BLL", "..\Vending_Machine.BLL\Vending_Machine.BLL.csproj", "{2C0AE2E9-57A2-4715-9F9E-552FA2ABE812}"
EndProject
Project("{FAE04EC0-301F-11D3-BF4B-00C04F79EFBC}") = "Vending_Machine.DTO", "..\Vending_Machine.DTO\Vending_Machine.DTO.csproj", "{565FA4F9-C316-4760-A3DF-BF3F75AC6F0E}"
EndProject
Project("{FAE04EC0-301F-11D3-BF4B-00C04F79EFBC}") = "Vending_Machine.DAL", "..\Vending_Machine.DAL\Vending_Machine.DAL.csproj", "{2BA75F9B-E48C-4F13-B975-8E9DA4E2EE09}"
EndProject
Global
	GlobalSection(SolutionConfigurationPlatforms) = preSolution
		Debug|Any CPU = Debug|Any CPU
		Release|Any CPU = Release|Any CPU
	EndGlobalSection
	GlobalSection(ProjectConfigurationPlatforms) = postSolution
		{9B35D727-DC27-4745-BDA4-C28F2CE5D480}.Debug|Any CPU.ActiveCfg = Debug|Any CPU
		{9B35D727-DC27-4745-BDA4-C28F2CE5D480}.Debug|Any CPU.Build.0 = Debug|Any CPU
		{9B35D727-DC27-4745-BDA4-C28F2CE5D480}.Release|Any CPU.ActiveCfg = Release|Any CPU
		{9B35D727-DC27-4745-BDA4-C28F2CE5D480}.Release|Any CPU.Build.0 = Release|Any CPU
		{2C0AE2E9-57A2-4715-9F9E-552FA2ABE812}.Debug|Any CPU.ActiveCfg = Debug|Any CPU
		{2C0AE2E9-57A2-4715-9F9E-552FA2ABE812}.Debug|Any CPU.Build.0 = Debug|Any CPU
		{2C0AE2E9-57A2-4715-9F9E-552FA2ABE812}.Release|Any CPU.ActiveCfg = Release|Any CPU
		{2C0AE2E9-57A2-4715-9F9E-552FA2ABE812}.Release|Any CPU.Build.0 = Release|Any CPU
		{565FA4F9-C316-4760-A3DF-BF3F75AC6F0E}.Debug|Any CPU.ActiveCfg = Debug|Any CPU
		{565FA4F9-C316-4760-A3DF-BF3F75AC6F0E}.Debug|Any CPU.Build.0 = Debug|Any CPU
		{565FA4F9-C316-4760-A3DF-BF3F75AC6F0E}.Release|Any CPU.ActiveCfg = Release|Any CPU
		{565FA4F9-C316-4760-A3DF-BF3F75AC6F0E}.Release|Any CPU.Build.0 = Release|Any CPU
		{2BA75F9B-E48C-4F13-B975-8E9DA4E2EE09}.Debug|Any CPU.ActiveCfg = Debug|Any CPU
		{2BA75F9B-E48C-4F13-B975-8E9DA4E2EE09}.Debug|Any CPU.Build.0 = Debug|Any CPU
		{2BA75F9B-E48C-4F13-B975-8E9DA4E2EE09}.Release|Any CPU.ActiveCfg = Release|Any CPU
		{2BA75F9B-E48C-4F13-B975-8E9DA4E2EE09}.Release|Any CPU.Build.0 = Release|Any CPU
	EndGlobalSection
	GlobalSection(SolutionProperties) = preSolution
		HideSolutionNode = FALSE
	EndGlobalSection
	GlobalSection(ExtensibilityGlobals) = postSolution
		SolutionGuid = {B1481CC1-0175-4309-97A8-E8D40E1E5714}
	EndGlobalSection
EndGlobal
