
Microsoft Visual Studio Solution File, Format Version 12.00
# Visual Studio Version 16
VisualStudioVersion = 16.0.31005.135
MinimumVisualStudioVersion = 10.0.40219.1
Project("{FAE04EC0-301F-11D3-BF4B-00C04F79EFBC}") = "CalcularDiferencaData", "CalcularDiferencaData.csproj", "{6A1E34B4-975D-4BE6-9854-D8AE0F1A4628}"
EndProject
Global
	GlobalSection(SolutionConfigurationPlatforms) = preSolution
		Debug|Any CPU = Debug|Any CPU
		Release|Any CPU = Release|Any CPU
	EndGlobalSection
	GlobalSection(ProjectConfigurationPlatforms) = postSolution
		{6A1E34B4-975D-4BE6-9854-D8AE0F1A4628}.Debug|Any CPU.ActiveCfg = Debug|Any CPU
		{6A1E34B4-975D-4BE6-9854-D8AE0F1A4628}.Debug|Any CPU.Build.0 = Debug|Any CPU
		{6A1E34B4-975D-4BE6-9854-D8AE0F1A4628}.Release|Any CPU.ActiveCfg = Release|Any CPU
		{6A1E34B4-975D-4BE6-9854-D8AE0F1A4628}.Release|Any CPU.Build.0 = Release|Any CPU
	EndGlobalSection
	GlobalSection(SolutionProperties) = preSolution
		HideSolutionNode = FALSE
	EndGlobalSection
	GlobalSection(ExtensibilityGlobals) = postSolution
		SolutionGuid = {1FABE269-BEEE-4F30-95C2-36CE97B6443B}
	EndGlobalSection
EndGlobal
